
Microsoft Visual Studio Solution File, Format Version 12.00
# Visual Studio Version 16
VisualStudioVersion = 16.0.33801.447
MinimumVisualStudioVersion = 10.0.40219.1
Project("{9A19103F-16F7-4668-BE54-9A1E7A4F7556}") = "PWIIProva", "PWIIProva\PWIIProva.csproj", "{B023BDF6-306B-4547-A385-6EA7FC2ED7D2}"
EndProject
Global
	GlobalSection(SolutionConfigurationPlatforms) = preSolution
		Debug|Any CPU = Debug|Any CPU
		Release|Any CPU = Release|Any CPU
	EndGlobalSection
	GlobalSection(ProjectConfigurationPlatforms) = postSolution
		{B023BDF6-306B-4547-A385-6EA7FC2ED7D2}.Debug|Any CPU.ActiveCfg = Debug|Any CPU
		{B023BDF6-306B-4547-A385-6EA7FC2ED7D2}.Debug|Any CPU.Build.0 = Debug|Any CPU
		{B023BDF6-306B-4547-A385-6EA7FC2ED7D2}.Release|Any CPU.ActiveCfg = Release|Any CPU
		{B023BDF6-306B-4547-A385-6EA7FC2ED7D2}.Release|Any CPU.Build.0 = Release|Any CPU
	EndGlobalSection
	GlobalSection(SolutionProperties) = preSolution
		HideSolutionNode = FALSE
	EndGlobalSection
	GlobalSection(ExtensibilityGlobals) = postSolution
		SolutionGuid = {6C5CC1D9-406F-427D-B655-E97CC6A8CE2B}
	EndGlobalSection
EndGlobal
